
Microsoft Visual Studio Solution File, Format Version 12.00
# Visual Studio Version 16
VisualStudioVersion = 16.0.31313.79
MinimumVisualStudioVersion = 10.0.40219.1
Project("{9A19103F-16F7-4668-BE54-9A1E7A4F7556}") = "AnalysisAppApi", "AnalysisAppApi\AnalysisAppApi.csproj", "{0D4BBD32-5A31-4772-96FF-CEA38CE4DA4F}"
EndProject
Global
	GlobalSection(SolutionConfigurationPlatforms) = preSolution
		Debug|Any CPU = Debug|Any CPU
		Release|Any CPU = Release|Any CPU
	EndGlobalSection
	GlobalSection(ProjectConfigurationPlatforms) = postSolution
		{0D4BBD32-5A31-4772-96FF-CEA38CE4DA4F}.Debug|Any CPU.ActiveCfg = Debug|Any CPU
		{0D4BBD32-5A31-4772-96FF-CEA38CE4DA4F}.Debug|Any CPU.Build.0 = Debug|Any CPU
		{0D4BBD32-5A31-4772-96FF-CEA38CE4DA4F}.Release|Any CPU.ActiveCfg = Release|Any CPU
		{0D4BBD32-5A31-4772-96FF-CEA38CE4DA4F}.Release|Any CPU.Build.0 = Release|Any CPU
	EndGlobalSection
	GlobalSection(SolutionProperties) = preSolution
		HideSolutionNode = FALSE
	EndGlobalSection
	GlobalSection(ExtensibilityGlobals) = postSolution
		SolutionGuid = {62CA8AF6-EE78-4479-8052-52B3CADF388C}
	EndGlobalSection
EndGlobal
